// !$*UTF8*$!
{
	archiveVersion = 1;
	classes = {
	};
	objectVersion = 46;
	objects = {

/* Begin PBXBuildFile section */
		8419C6011DC7E93300ECE223 /* main.m in Sources */ = {isa = PBXBuildFile; fileRef = 8419C6001DC7E93300ECE223 /* main.m */; };
		8419C6041DC7E93300ECE223 /* AppDelegate.m in Sources */ = {isa = PBXBuildFile; fileRef = 8419C6031DC7E93300ECE223 /* AppDelegate.m */; };
		8419C6071DC7E93300ECE223 /* ContactInfoController.m in Sources */ = {isa = PBXBuildFile; fileRef = 8419C6061DC7E93300ECE223 /* ContactInfoController.m */; };
		8419C60A1DC7E93300ECE223 /* Main.storyboard in Resources */ = {isa = PBXBuildFile; fileRef = 8419C6081DC7E93300ECE223 /* Main.storyboard */; };
		8419C60C1DC7E93300ECE223 /* Assets.xcassets in Resources */ = {isa = PBXBuildFile; fileRef = 8419C60B1DC7E93300ECE223 /* Assets.xcassets */; };
		8419C60F1DC7E93300ECE223 /* LaunchScreen.storyboard in Resources */ = {isa = PBXBuildFile; fileRef = 8419C60D1DC7E93300ECE223 /* LaunchScreen.storyboard */; };
		8462F7781DD5B5C300F172B5 /* FetchedDataSource.m in Sources */ = {isa = PBXBuildFile; fileRef = 8462F7771DD5B5C300F172B5 /* FetchedDataSource.m */; };
		846A63021DD4F68200275925 /* CDContact.m in Sources */ = {isa = PBXBuildFile; fileRef = 846A63011DD4F68200275925 /* CDContact.m */; };
		846A63051DD4F69D00275925 /* CDCall.m in Sources */ = {isa = PBXBuildFile; fileRef = 846A63041DD4F69D00275925 /* CDCall.m */; };
		84C205B91DC9E676000A4440 /* PrimaryViewController.m in Sources */ = {isa = PBXBuildFile; fileRef = 84C205B81DC9E676000A4440 /* PrimaryViewController.m */; };
		84C205BC1DC9EC5C000A4440 /* DataStorage.m in Sources */ = {isa = PBXBuildFile; fileRef = 84C205BB1DC9EC5C000A4440 /* DataStorage.m */; };
		84C34CA81DD488E7003332A8 /* SegueNames.m in Sources */ = {isa = PBXBuildFile; fileRef = 84C34CA71DD488E7003332A8 /* SegueNames.m */; };
		84C34CAB1DD489C7003332A8 /* CoreDataKeys.m in Sources */ = {isa = PBXBuildFile; fileRef = 84C34CAA1DD489C7003332A8 /* CoreDataKeys.m */; };
		84C646C71DC8A3A600499C70 /* ContactsController.m in Sources */ = {isa = PBXBuildFile; fileRef = 84C646C61DC8A3A600499C70 /* ContactsController.m */; };
		84C646CA1DC8A43F00499C70 /* HistoryController.m in Sources */ = {isa = PBXBuildFile; fileRef = 84C646C91DC8A43F00499C70 /* HistoryController.m */; };
		84CCE7421DD317EF0002BDEE /* DataModel.xcdatamodeld in Sources */ = {isa = PBXBuildFile; fileRef = 84CCE7401DD317EF0002BDEE /* DataModel.xcdatamodeld */; };
/* End PBXBuildFile section */

/* Begin PBXFileReference section */
		8419C5FC1DC7E93300ECE223 /* contacts.app */ = {isa = PBXFileReference; explicitFileType = wrapper.application; includeInIndex = 0; path = contacts.app; sourceTree = BUILT_PRODUCTS_DIR; };
		8419C6001DC7E93300ECE223 /* main.m */ = {isa = PBXFileReference; lastKnownFileType = sourcecode.c.objc; path = main.m; sourceTree = "<group>"; };
		8419C6021DC7E93300ECE223 /* AppDelegate.h */ = {isa = PBXFileReference; lastKnownFileType = sourcecode.c.h; path = AppDelegate.h; sourceTree = "<group>"; };
		8419C6031DC7E93300ECE223 /* AppDelegate.m */ = {isa = PBXFileReference; lastKnownFileType = sourcecode.c.objc; path = AppDelegate.m; sourceTree = "<group>"; };
		8419C6051DC7E93300ECE223 /* ContactInfoController.h */ = {isa = PBXFileReference; lastKnownFileType = sourcecode.c.h; path = ContactInfoController.h; sourceTree = "<group>"; };
		8419C6061DC7E93300ECE223 /* ContactInfoController.m */ = {isa = PBXFileReference; lastKnownFileType = sourcecode.c.objc; path = ContactInfoController.m; sourceTree = "<group>"; };
		8419C6091DC7E93300ECE223 /* Base */ = {isa = PBXFileReference; lastKnownFileType = file.storyboard; name = Base; path = Base.lproj/Main.storyboard; sourceTree = "<group>"; };
		8419C60B1DC7E93300ECE223 /* Assets.xcassets */ = {isa = PBXFileReference; lastKnownFileType = folder.assetcatalog; path = Assets.xcassets; sourceTree = "<group>"; };
		8419C60E1DC7E93300ECE223 /* Base */ = {isa = PBXFileReference; lastKnownFileType = file.storyboard; name = Base; path = Base.lproj/LaunchScreen.storyboard; sourceTree = "<group>"; };
		8419C6101DC7E93300ECE223 /* Info.plist */ = {isa = PBXFileReference; lastKnownFileType = text.plist.xml; path = Info.plist; sourceTree = "<group>"; };
		8462F7761DD5B5C300F172B5 /* FetchedDataSource.h */ = {isa = PBXFileReference; fileEncoding = 4; lastKnownFileType = sourcecode.c.h; path = FetchedDataSource.h; sourceTree = "<group>"; };
		8462F7771DD5B5C300F172B5 /* FetchedDataSource.m */ = {isa = PBXFileReference; fileEncoding = 4; lastKnownFileType = sourcecode.c.objc; path = FetchedDataSource.m; sourceTree = "<group>"; };
		8463B7E71DD5D97400AB33EB /* DataStorageProtocols.h */ = {isa = PBXFileReference; fileEncoding = 4; lastKnownFileType = sourcecode.c.h; path = DataStorageProtocols.h; sourceTree = "<group>"; };
		846A63001DD4F68200275925 /* CDContact.h */ = {isa = PBXFileReference; fileEncoding = 4; lastKnownFileType = sourcecode.c.h; name = CDContact.h; path = CoreData/CDContact.h; sourceTree = "<group>"; };
		846A63011DD4F68200275925 /* CDContact.m */ = {isa = PBXFileReference; fileEncoding = 4; lastKnownFileType = sourcecode.c.objc; name = CDContact.m; path = CoreData/CDContact.m; sourceTree = "<group>"; };
		846A63031DD4F69D00275925 /* CDCall.h */ = {isa = PBXFileReference; fileEncoding = 4; lastKnownFileType = sourcecode.c.h; name = CDCall.h; path = CoreData/CDCall.h; sourceTree = "<group>"; };
		846A63041DD4F69D00275925 /* CDCall.m */ = {isa = PBXFileReference; fileEncoding = 4; lastKnownFileType = sourcecode.c.objc; name = CDCall.m; path = CoreData/CDCall.m; sourceTree = "<group>"; };
		84C205B71DC9E676000A4440 /* PrimaryViewController.h */ = {isa = PBXFileReference; fileEncoding = 4; lastKnownFileType = sourcecode.c.h; path = PrimaryViewController.h; sourceTree = "<group>"; };
		84C205B81DC9E676000A4440 /* PrimaryViewController.m */ = {isa = PBXFileReference; fileEncoding = 4; lastKnownFileType = sourcecode.c.objc; path = PrimaryViewController.m; sourceTree = "<group>"; };
		84C205BA1DC9EA52000A4440 /* DataStorage.h */ = {isa = PBXFileReference; fileEncoding = 4; lastKnownFileType = sourcecode.c.h; path = DataStorage.h; sourceTree = "<group>"; };
		84C205BB1DC9EC5C000A4440 /* DataStorage.m */ = {isa = PBXFileReference; fileEncoding = 4; lastKnownFileType = sourcecode.c.objc; path = DataStorage.m; sourceTree = "<group>"; };
		84C34CA61DD488E7003332A8 /* SegueNames.h */ = {isa = PBXFileReference; fileEncoding = 4; lastKnownFileType = sourcecode.c.h; path = SegueNames.h; sourceTree = "<group>"; };
		84C34CA71DD488E7003332A8 /* SegueNames.m */ = {isa = PBXFileReference; fileEncoding = 4; lastKnownFileType = sourcecode.c.objc; path = SegueNames.m; sourceTree = "<group>"; };
		84C34CA91DD489C7003332A8 /* CoreDataKeys.h */ = {isa = PBXFileReference; fileEncoding = 4; lastKnownFileType = sourcecode.c.h; path = CoreDataKeys.h; sourceTree = "<group>"; };
		84C34CAA1DD489C7003332A8 /* CoreDataKeys.m */ = {isa = PBXFileReference; fileEncoding = 4; lastKnownFileType = sourcecode.c.objc; path = CoreDataKeys.m; sourceTree = "<group>"; };
		84C646C51DC8A3A600499C70 /* ContactsController.h */ = {isa = PBXFileReference; fileEncoding = 4; lastKnownFileType = sourcecode.c.h; path = ContactsController.h; sourceTree = "<group>"; };
		84C646C61DC8A3A600499C70 /* ContactsController.m */ = {isa = PBXFileReference; fileEncoding = 4; lastKnownFileType = sourcecode.c.objc; path = ContactsController.m; sourceTree = "<group>"; };
		84C646C81DC8A43F00499C70 /* HistoryController.h */ = {isa = PBXFileReference; fileEncoding = 4; lastKnownFileType = sourcecode.c.h; path = HistoryController.h; sourceTree = "<group>"; };
		84C646C91DC8A43F00499C70 /* HistoryController.m */ = {isa = PBXFileReference; fileEncoding = 4; lastKnownFileType = sourcecode.c.objc; path = HistoryController.m; sourceTree = "<group>"; };
		84CCE7411DD317EF0002BDEE /* DataModel.xcdatamodel */ = {isa = PBXFileReference; lastKnownFileType = wrapper.xcdatamodel; path = DataModel.xcdatamodel; sourceTree = "<group>"; };
/* End PBXFileReference section */

/* Begin PBXFrameworksBuildPhase section */
		8419C5F91DC7E93200ECE223 /* Frameworks */ = {
			isa = PBXFrameworksBuildPhase;
			buildActionMask = 2147483647;
			files = (
			);
			runOnlyForDeploymentPostprocessing = 0;
		};
/* End PBXFrameworksBuildPhase section */

/* Begin PBXGroup section */
		8419C5F31DC7E93200ECE223 = {
			isa = PBXGroup;
			children = (
				8419C5FE1DC7E93300ECE223 /* contacts */,
				8419C5FD1DC7E93300ECE223 /* Products */,
			);
			sourceTree = "<group>";
		};
		8419C5FD1DC7E93300ECE223 /* Products */ = {
			isa = PBXGroup;
			children = (
				8419C5FC1DC7E93300ECE223 /* contacts.app */,
			);
			name = Products;
			sourceTree = "<group>";
		};
		8419C5FE1DC7E93300ECE223 /* contacts */ = {
			isa = PBXGroup;
			children = (
				84C70D5D1DCB5A06002D03AB /* model */,
				84C70D5C1DCB59D4002D03AB /* viewControllers */,
				8419C6021DC7E93300ECE223 /* AppDelegate.h */,
				8419C6031DC7E93300ECE223 /* AppDelegate.m */,
				8419C6081DC7E93300ECE223 /* Main.storyboard */,
				8419C60B1DC7E93300ECE223 /* Assets.xcassets */,
				8419C60D1DC7E93300ECE223 /* LaunchScreen.storyboard */,
				8419C6101DC7E93300ECE223 /* Info.plist */,
				8419C5FF1DC7E93300ECE223 /* Supporting Files */,
				84CCE7401DD317EF0002BDEE /* DataModel.xcdatamodeld */,
				84C34CA61DD488E7003332A8 /* SegueNames.h */,
				84C34CA71DD488E7003332A8 /* SegueNames.m */,
				84C34CA91DD489C7003332A8 /* CoreDataKeys.h */,
				84C34CAA1DD489C7003332A8 /* CoreDataKeys.m */,
			);
			path = contacts;
			sourceTree = "<group>";
		};
		8419C5FF1DC7E93300ECE223 /* Supporting Files */ = {
			isa = PBXGroup;
			children = (
				8419C6001DC7E93300ECE223 /* main.m */,
			);
			name = "Supporting Files";
			sourceTree = "<group>";
		};
		84C70D5C1DCB59D4002D03AB /* viewControllers */ = {
			isa = PBXGroup;
			children = (
				8419C6051DC7E93300ECE223 /* ContactInfoController.h */,
				8419C6061DC7E93300ECE223 /* ContactInfoController.m */,
				84C646C51DC8A3A600499C70 /* ContactsController.h */,
				84C646C61DC8A3A600499C70 /* ContactsController.m */,
				84C646C81DC8A43F00499C70 /* HistoryController.h */,
				84C646C91DC8A43F00499C70 /* HistoryController.m */,
				84C205B71DC9E676000A4440 /* PrimaryViewController.h */,
				84C205B81DC9E676000A4440 /* PrimaryViewController.m */,
				8462F7761DD5B5C300F172B5 /* FetchedDataSource.h */,
				8462F7771DD5B5C300F172B5 /* FetchedDataSource.m */,
			);
			name = viewControllers;
			sourceTree = "<group>";
		};
		84C70D5D1DCB5A06002D03AB /* model */ = {
			isa = PBXGroup;
			children = (
				84C205BA1DC9EA52000A4440 /* DataStorage.h */,
				84C205BB1DC9EC5C000A4440 /* DataStorage.m */,
				846A63001DD4F68200275925 /* CDContact.h */,
				846A63011DD4F68200275925 /* CDContact.m */,
				846A63031DD4F69D00275925 /* CDCall.h */,
				846A63041DD4F69D00275925 /* CDCall.m */,
				8463B7E71DD5D97400AB33EB /* DataStorageProtocols.h */,
			);
			name = model;
			sourceTree = "<group>";
		};
/* End PBXGroup section */

/* Begin PBXNativeTarget section */
		8419C5FB1DC7E93200ECE223 /* contacts */ = {
			isa = PBXNativeTarget;
			buildConfigurationList = 8419C6131DC7E93300ECE223 /* Build configuration list for PBXNativeTarget "contacts" */;
			buildPhases = (
				8419C5F81DC7E93200ECE223 /* Sources */,
				8419C5F91DC7E93200ECE223 /* Frameworks */,
				8419C5FA1DC7E93200ECE223 /* Resources */,
			);
			buildRules = (
			);
			dependencies = (
			);
			name = contacts;
			productName = contacts;
			productReference = 8419C5FC1DC7E93300ECE223 /* contacts.app */;
			productType = "com.apple.product-type.application";
		};
/* End PBXNativeTarget section */

/* Begin PBXProject section */
		8419C5F41DC7E93200ECE223 /* Project object */ = {
			isa = PBXProject;
			attributes = {
				LastUpgradeCheck = 0810;
				ORGANIZATIONNAME = noname;
				TargetAttributes = {
					8419C5FB1DC7E93200ECE223 = {
						CreatedOnToolsVersion = 8.1;
						ProvisioningStyle = Automatic;
					};
				};
			};
			buildConfigurationList = 8419C5F71DC7E93200ECE223 /* Build configuration list for PBXProject "contacts" */;
			compatibilityVersion = "Xcode 3.2";
			developmentRegion = English;
			hasScannedForEncodings = 0;
			knownRegions = (
				en,
				Base,
			);
			mainGroup = 8419C5F31DC7E93200ECE223;
			productRefGroup = 8419C5FD1DC7E93300ECE223 /* Products */;
			projectDirPath = "";
			projectRoot = "";
			targets = (
				8419C5FB1DC7E93200ECE223 /* contacts */,
			);
		};
/* End PBXProject section */

/* Begin PBXResourcesBuildPhase section */
		8419C5FA1DC7E93200ECE223 /* Resources */ = {
			isa = PBXResourcesBuildPhase;
			buildActionMask = 2147483647;
			files = (
				8419C60F1DC7E93300ECE223 /* LaunchScreen.storyboard in Resources */,
				8419C60C1DC7E93300ECE223 /* Assets.xcassets in Resources */,
				8419C60A1DC7E93300ECE223 /* Main.storyboard in Resources */,
			);
			runOnlyForDeploymentPostprocessing = 0;
		};
/* End PBXResourcesBuildPhase section */

/* Begin PBXSourcesBuildPhase section */
		8419C5F81DC7E93200ECE223 /* Sources */ = {
			isa = PBXSourcesBuildPhase;
			buildActionMask = 2147483647;
			files = (
				84C205B91DC9E676000A4440 /* PrimaryViewController.m in Sources */,
				84CCE7421DD317EF0002BDEE /* DataModel.xcdatamodeld in Sources */,
				8462F7781DD5B5C300F172B5 /* FetchedDataSource.m in Sources */,
				84C646CA1DC8A43F00499C70 /* HistoryController.m in Sources */,
				84C34CAB1DD489C7003332A8 /* CoreDataKeys.m in Sources */,
				8419C6071DC7E93300ECE223 /* ContactInfoController.m in Sources */,
				8419C6041DC7E93300ECE223 /* AppDelegate.m in Sources */,
				846A63051DD4F69D00275925 /* CDCall.m in Sources */,
				84C34CA81DD488E7003332A8 /* SegueNames.m in Sources */,
				846A63021DD4F68200275925 /* CDContact.m in Sources */,
				84C205BC1DC9EC5C000A4440 /* DataStorage.m in Sources */,
				84C646C71DC8A3A600499C70 /* ContactsController.m in Sources */,
				8419C6011DC7E93300ECE223 /* main.m in Sources */,
			);
			runOnlyForDeploymentPostprocessing = 0;
		};
/* End PBXSourcesBuildPhase section */

/* Begin PBXVariantGroup section */
		8419C6081DC7E93300ECE223 /* Main.storyboard */ = {
			isa = PBXVariantGroup;
			children = (
				8419C6091DC7E93300ECE223 /* Base */,
			);
			name = Main.storyboard;
			sourceTree = "<group>";
		};
		8419C60D1DC7E93300ECE223 /* LaunchScreen.storyboard */ = {
			isa = PBXVariantGroup;
			children = (
				8419C60E1DC7E93300ECE223 /* Base */,
			);
			name = LaunchScreen.storyboard;
			sourceTree = "<group>";
		};
/* End PBXVariantGroup section */

/* Begin XCBuildConfiguration section */
		8419C6111DC7E93300ECE223 /* Debug */ = {
			isa = XCBuildConfiguration;
			buildSettings = {
				ALWAYS_SEARCH_USER_PATHS = NO;
				CLANG_ANALYZER_NONNULL = YES;
				CLANG_CXX_LANGUAGE_STANDARD = "gnu++0x";
				CLANG_CXX_LIBRARY = "libc++";
				CLANG_ENABLE_MODULES = YES;
				CLANG_ENABLE_OBJC_ARC = YES;
				CLANG_WARN_BOOL_CONVERSION = YES;
				CLANG_WARN_CONSTANT_CONVERSION = YES;
				CLANG_WARN_DIRECT_OBJC_ISA_USAGE = YES_ERROR;
				CLANG_WARN_DOCUMENTATION_COMMENTS = YES;
				CLANG_WARN_EMPTY_BODY = YES;
				CLANG_WARN_ENUM_CONVERSION = YES;
				CLANG_WARN_INFINITE_RECURSION = YES;
				CLANG_WARN_INT_CONVERSION = YES;
				CLANG_WARN_OBJC_ROOT_CLASS = YES_ERROR;
				CLANG_WARN_SUSPICIOUS_MOVES = YES;
				CLANG_WARN_UNREACHABLE_CODE = YES;
				CLANG_WARN__DUPLICATE_METHOD_MATCH = YES;
				"CODE_SIGN_IDENTITY[sdk=iphoneos*]" = "iPhone Developer";
				COPY_PHASE_STRIP = NO;
				DEBUG_INFORMATION_FORMAT = dwarf;
				ENABLE_STRICT_OBJC_MSGSEND = YES;
				ENABLE_TESTABILITY = YES;
				GCC_C_LANGUAGE_STANDARD = gnu99;
				GCC_DYNAMIC_NO_PIC = NO;
				GCC_NO_COMMON_BLOCKS = YES;
				GCC_OPTIMIZATION_LEVEL = 0;
				GCC_PREPROCESSOR_DEFINITIONS = (
					"DEBUG=1",
					"$(inherited)",
				);
				GCC_WARN_64_TO_32_BIT_CONVERSION = YES;
				GCC_WARN_ABOUT_RETURN_TYPE = YES_ERROR;
				GCC_WARN_UNDECLARED_SELECTOR = YES;
				GCC_WARN_UNINITIALIZED_AUTOS = YES_AGGRESSIVE;
				GCC_WARN_UNUSED_FUNCTION = YES;
				GCC_WARN_UNUSED_VARIABLE = YES;
				IPHONEOS_DEPLOYMENT_TARGET = 10.1;
				MTL_ENABLE_DEBUG_INFO = YES;
				ONLY_ACTIVE_ARCH = YES;
				SDKROOT = iphoneos;
			};
			name = Debug;
		};
		8419C6121DC7E93300ECE223 /* Release */ = {
			isa = XCBuildConfiguration;
			buildSettings = {
				ALWAYS_SEARCH_USER_PATHS = NO;
				CLANG_ANALYZER_NONNULL = YES;
				CLANG_CXX_LANGUAGE_STANDARD = "gnu++0x";
				CLANG_CXX_LIBRARY = "libc++";
				CLANG_ENABLE_MODULES = YES;
				CLANG_ENABLE_OBJC_ARC = YES;
				CLANG_WARN_BOOL_CONVERSION = YES;
				CLANG_WARN_CONSTANT_CONVERSION = YES;
				CLANG_WARN_DIRECT_OBJC_ISA_USAGE = YES_ERROR;
				CLANG_WARN_DOCUMENTATION_COMMENTS = YES;
				CLANG_WARN_EMPTY_BODY = YES;
				CLANG_WARN_ENUM_CONVERSION = YES;
				CLANG_WARN_INFINITE_RECURSION = YES;
				CLANG_WARN_INT_CONVERSION = YES;
				CLANG_WARN_OBJC_ROOT_CLASS = YES_ERROR;
				CLANG_WARN_SUSPICIOUS_MOVES = YES;
				CLANG_WARN_UNREACHABLE_CODE = YES;
				CLANG_WARN__DUPLICATE_METHOD_MATCH = YES;
				"CODE_SIGN_IDENTITY[sdk=iphoneos*]" = "iPhone Developer";
				COPY_PHASE_STRIP = NO;
				DEBUG_INFORMATION_FORMAT = "dwarf-with-dsym";
				ENABLE_NS_ASSERTIONS = NO;
				ENABLE_STRICT_OBJC_MSGSEND = YES;
				GCC_C_LANGUAGE_STANDARD = gnu99;
				GCC_NO_COMMON_BLOCKS = YES;
				GCC_WARN_64_TO_32_BIT_CONVERSION = YES;
				GCC_WARN_ABOUT_RETURN_TYPE = YES_ERROR;
				GCC_WARN_UNDECLARED_SELECTOR = YES;
				GCC_WARN_UNINITIALIZED_AUTOS = YES_AGGRESSIVE;
				GCC_WARN_UNUSED_FUNCTION = YES;
				GCC_WARN_UNUSED_VARIABLE = YES;
				IPHONEOS_DEPLOYMENT_TARGET = 10.1;
				MTL_ENABLE_DEBUG_INFO = NO;
				SDKROOT = iphoneos;
				VALIDATE_PRODUCT = YES;
			};
			name = Release;
		};
		8419C6141DC7E93300ECE223 /* Debug */ = {
			isa = XCBuildConfiguration;
			buildSettings = {
				ASSETCATALOG_COMPILER_APPICON_NAME = AppIcon;
				INFOPLIST_FILE = contacts/Info.plist;
				LD_RUNPATH_SEARCH_PATHS = "$(inherited) @executable_path/Frameworks";
				PRODUCT_BUNDLE_IDENTIFIER = com.example.contacts;
				PRODUCT_NAME = "$(TARGET_NAME)";
			};
			name = Debug;
		};
		8419C6151DC7E93300ECE223 /* Release */ = {
			isa = XCBuildConfiguration;
			buildSettings = {
				ASSETCATALOG_COMPILER_APPICON_NAME = AppIcon;
				INFOPLIST_FILE = contacts/Info.plist;
				LD_RUNPATH_SEARCH_PATHS = "$(inherited) @executable_path/Frameworks";
				PRODUCT_BUNDLE_IDENTIFIER = com.example.contacts;
				PRODUCT_NAME = "$(TARGET_NAME)";
			};
			name = Release;
		};
/* End XCBuildConfiguration section */

/* Begin XCConfigurationList section */
		8419C5F71DC7E93200ECE223 /* Build configuration list for PBXProject "contacts" */ = {
			isa = XCConfigurationList;
			buildConfigurations = (
				8419C6111DC7E93300ECE223 /* Debug */,
				8419C6121DC7E93300ECE223 /* Release */,
			);
			defaultConfigurationIsVisible = 0;
			defaultConfigurationName = Release;
		};
		8419C6131DC7E93300ECE223 /* Build configuration list for PBXNativeTarget "contacts" */ = {
			isa = XCConfigurationList;
			buildConfigurations = (
				8419C6141DC7E93300ECE223 /* Debug */,
				8419C6151DC7E93300ECE223 /* Release */,
			);
			defaultConfigurationIsVisible = 0;
			defaultConfigurationName = Release;
		};
/* End XCConfigurationList section */

/* Begin XCVersionGroup section */
		84CCE7401DD317EF0002BDEE /* DataModel.xcdatamodeld */ = {
			isa = XCVersionGroup;
			children = (
				84CCE7411DD317EF0002BDEE /* DataModel.xcdatamodel */,
			);
			currentVersion = 84CCE7411DD317EF0002BDEE /* DataModel.xcdatamodel */;
			path = DataModel.xcdatamodeld;
			sourceTree = "<group>";
			versionGroupType = wrapper.xcdatamodel;
		};
/* End XCVersionGroup section */
	};
	rootObject = 8419C5F41DC7E93200ECE223 /* Project object */;
}
